Microsoft Visual Studio Solution File, Format Version 12.00
# Visual Studio Version 17
VisualStudioVersion = 17.5.2.0
MinimumVisualStudioVersion = 10.0.40219.1
Project("{FAE04EC0-301F-11D3-BF4B-00C04F79EFBC}") = "EnerjiTahmin", "EnerjiTahmin.csproj", "{A7E3EB60-ADF5-D6B8-D3B7-266746B9EB8F}"
EndProject
Global
	GlobalSection(SolutionConfigurationPlatforms) = preSolution
		Debug|Any CPU = Debug|Any CPU
		Release|Any CPU = Release|Any CPU
	EndGlobalSection
	GlobalSection(ProjectConfigurationPlatforms) = postSolution
		{A7E3EB60-ADF5-D6B8-D3B7-266746B9EB8F}.Debug|Any CPU.ActiveCfg = Debug|Any CPU
		{A7E3EB60-ADF5-D6B8-D3B7-266746B9EB8F}.Debug|Any CPU.Build.0 = Debug|Any CPU
		{A7E3EB60-ADF5-D6B8-D3B7-266746B9EB8F}.Release|Any CPU.ActiveCfg = Release|Any CPU
		{A7E3EB60-ADF5-D6B8-D3B7-266746B9EB8F}.Release|Any CPU.Build.0 = Release|Any CPU
	EndGlobalSection
	GlobalSection(SolutionProperties) = preSolution
		HideSolutionNode = FALSE
	EndGlobalSection
	GlobalSection(ExtensibilityGlobals) = postSolution
		SolutionGuid = {050608EC-AAA8-45C5-BC91-137B40223F4A}
	EndGlobalSection
EndGlobal
